
Microsoft Visual Studio Solution File, Format Version 12.00
# Visual Studio 15
VisualStudioVersion = 15.0.26020.0
MinimumVisualStudioVersion = 10.0.40219.1
Project("{FAE04EC0-301F-11D3-BF4B-00C04F79EFBC}") = "Core", "Core\Core.csproj", "{EE0C36C8-6437-4D15-BCAB-BC21E287BA1F}"
EndProject
Project("{FAE04EC0-301F-11D3-BF4B-00C04F79EFBC}") = "Test", "Test\Test.csproj", "{F8369B24-C758-4D0B-BAB5-3322D7FF388F}"
EndProject
Project("{FAE04EC0-301F-11D3-BF4B-00C04F79EFBC}") = "Protocols", "Protocols\Protocols.csproj", "{2CD9B0A3-7261-42FC-834D-8CF1451DDFF9}"
EndProject
Project("{FAE04EC0-301F-11D3-BF4B-00C04F79EFBC}") = "DistributedCurrency", "DistributedCurrency\DistributedCurrency.csproj", "{8B6D5BF4-437C-49A6-AE4E-5CB3672FD269}"
EndProject
Project("{FAE04EC0-301F-11D3-BF4B-00C04F79EFBC}") = "AnonymousCurrency", "AnonymousCurrency\AnonymousCurrency.csproj", "{C53D9279-19FC-4124-BAAF-19F632A0714D}"
EndProject
Project("{FAE04EC0-301F-11D3-BF4B-00C04F79EFBC}") = "VisualAuthentication", "VisualAuthentication\VisualAuthentication.csproj", "{8F0D95B4-8535-4585-BDD3-6086E39A8DBF}"
EndProject
Global
	GlobalSection(SolutionConfigurationPlatforms) = preSolution
		Debug|Any CPU = Debug|Any CPU
		Release|Any CPU = Release|Any CPU
	EndGlobalSection
	GlobalSection(ProjectConfigurationPlatforms) = postSolution
		{EE0C36C8-6437-4D15-BCAB-BC21E287BA1F}.Debug|Any CPU.ActiveCfg = Debug|Any CPU
		{EE0C36C8-6437-4D15-BCAB-BC21E287BA1F}.Debug|Any CPU.Build.0 = Debug|Any CPU
		{EE0C36C8-6437-4D15-BCAB-BC21E287BA1F}.Release|Any CPU.ActiveCfg = Release|Any CPU
		{EE0C36C8-6437-4D15-BCAB-BC21E287BA1F}.Release|Any CPU.Build.0 = Release|Any CPU
		{F8369B24-C758-4D0B-BAB5-3322D7FF388F}.Debug|Any CPU.ActiveCfg = Debug|Any CPU
		{F8369B24-C758-4D0B-BAB5-3322D7FF388F}.Debug|Any CPU.Build.0 = Debug|Any CPU
		{F8369B24-C758-4D0B-BAB5-3322D7FF388F}.Release|Any CPU.ActiveCfg = Release|Any CPU
		{F8369B24-C758-4D0B-BAB5-3322D7FF388F}.Release|Any CPU.Build.0 = Release|Any CPU
		{2CD9B0A3-7261-42FC-834D-8CF1451DDFF9}.Debug|Any CPU.ActiveCfg = Debug|Any CPU
		{2CD9B0A3-7261-42FC-834D-8CF1451DDFF9}.Debug|Any CPU.Build.0 = Debug|Any CPU
		{2CD9B0A3-7261-42FC-834D-8CF1451DDFF9}.Release|Any CPU.ActiveCfg = Release|Any CPU
		{2CD9B0A3-7261-42FC-834D-8CF1451DDFF9}.Release|Any CPU.Build.0 = Release|Any CPU
		{8B6D5BF4-437C-49A6-AE4E-5CB3672FD269}.Debug|Any CPU.ActiveCfg = Debug|Any CPU
		{8B6D5BF4-437C-49A6-AE4E-5CB3672FD269}.Debug|Any CPU.Build.0 = Debug|Any CPU
		{8B6D5BF4-437C-49A6-AE4E-5CB3672FD269}.Release|Any CPU.ActiveCfg = Release|Any CPU
		{8B6D5BF4-437C-49A6-AE4E-5CB3672FD269}.Release|Any CPU.Build.0 = Release|Any CPU
		{C53D9279-19FC-4124-BAAF-19F632A0714D}.Debug|Any CPU.ActiveCfg = Debug|Any CPU
		{C53D9279-19FC-4124-BAAF-19F632A0714D}.Debug|Any CPU.Build.0 = Debug|Any CPU
		{C53D9279-19FC-4124-BAAF-19F632A0714D}.Release|Any CPU.ActiveCfg = Release|Any CPU
		{C53D9279-19FC-4124-BAAF-19F632A0714D}.Release|Any CPU.Build.0 = Release|Any CPU
		{8F0D95B4-8535-4585-BDD3-6086E39A8DBF}.Debug|Any CPU.ActiveCfg = Debug|Any CPU
		{8F0D95B4-8535-4585-BDD3-6086E39A8DBF}.Debug|Any CPU.Build.0 = Debug|Any CPU
		{8F0D95B4-8535-4585-BDD3-6086E39A8DBF}.Release|Any CPU.ActiveCfg = Release|Any CPU
		{8F0D95B4-8535-4585-BDD3-6086E39A8DBF}.Release|Any CPU.Build.0 = Release|Any CPU
	EndGlobalSection
	GlobalSection(SolutionProperties) = preSolution
		HideSolutionNode = FALSE
	EndGlobalSection
EndGlobal
